
Microsoft Visual Studio Solution File, Format Version 12.00
# Visual Studio 15
Project("{FAE04EC0-301F-11D3-BF4B-00C04F79EFBC}") = "RestAPIJavascriptClient", "RestAPIJavascriptClient\RestAPIJavascriptClient.csproj", "{054EE16F-9B4F-4AA4-B86F-145DE1DE3440}"
EndProject
Project("{FAE04EC0-301F-11D3-BF4B-00C04F79EFBC}") = "JavascriptClient", "JavascriptClient\JavascriptClient.csproj", "{0D2399DF-270A-4CBB-B477-022C0FFA43DE}"
EndProject
Global
	GlobalSection(SolutionConfigurationPlatforms) = preSolution
		Debug|Any CPU = Debug|Any CPU
		Release|Any CPU = Release|Any CPU
	EndGlobalSection
	GlobalSection(ProjectConfigurationPlatforms) = postSolution
		{054EE16F-9B4F-4AA4-B86F-145DE1DE3440}.Debug|Any CPU.ActiveCfg = Debug|Any CPU
		{054EE16F-9B4F-4AA4-B86F-145DE1DE3440}.Debug|Any CPU.Build.0 = Debug|Any CPU
		{054EE16F-9B4F-4AA4-B86F-145DE1DE3440}.Release|Any CPU.ActiveCfg = Release|Any CPU
		{054EE16F-9B4F-4AA4-B86F-145DE1DE3440}.Release|Any CPU.Build.0 = Release|Any CPU
		{0D2399DF-270A-4CBB-B477-022C0FFA43DE}.Debug|Any CPU.ActiveCfg = Debug|Any CPU
		{0D2399DF-270A-4CBB-B477-022C0FFA43DE}.Debug|Any CPU.Build.0 = Debug|Any CPU
		{0D2399DF-270A-4CBB-B477-022C0FFA43DE}.Release|Any CPU.ActiveCfg = Release|Any CPU
		{0D2399DF-270A-4CBB-B477-022C0FFA43DE}.Release|Any CPU.Build.0 = Release|Any CPU
	EndGlobalSection
EndGlobal
